
Microsoft Visual Studio Solution File, Format Version 12.00
# Visual Studio Version 17
VisualStudioVersion = 17.0.32126.317
MinimumVisualStudioVersion = 10.0.40219.1
Project("{9A19103F-16F7-4668-BE54-9A1E7A4F7556}") = "Minesweeper", "Sapper\Minesweeper.csproj", "{593B098E-5A60-43C9-B4CC-82EA15492D09}"
EndProject
Project("{9A19103F-16F7-4668-BE54-9A1E7A4F7556}") = "TestWpf", "TestWpf\TestWpf.csproj", "{2B983826-1554-40BA-8CF6-72548BE74480}"
EndProject
Project("{9A19103F-16F7-4668-BE54-9A1E7A4F7556}") = "TestConsole", "TestConsole\TestConsole.csproj", "{35610359-ACF8-4172-91AA-DEEA703EA5EB}"
EndProject
Global
	GlobalSection(SolutionConfigurationPlatforms) = preSolution
		Debug|Any CPU = Debug|Any CPU
		Release|Any CPU = Release|Any CPU
	EndGlobalSection
	GlobalSection(ProjectConfigurationPlatforms) = postSolution
		{593B098E-5A60-43C9-B4CC-82EA15492D09}.Debug|Any CPU.ActiveCfg = Debug|Any CPU
		{593B098E-5A60-43C9-B4CC-82EA15492D09}.Debug|Any CPU.Build.0 = Debug|Any CPU
		{593B098E-5A60-43C9-B4CC-82EA15492D09}.Release|Any CPU.ActiveCfg = Release|Any CPU
		{593B098E-5A60-43C9-B4CC-82EA15492D09}.Release|Any CPU.Build.0 = Release|Any CPU
		{2B983826-1554-40BA-8CF6-72548BE74480}.Debug|Any CPU.ActiveCfg = Debug|Any CPU
		{2B983826-1554-40BA-8CF6-72548BE74480}.Debug|Any CPU.Build.0 = Debug|Any CPU
		{2B983826-1554-40BA-8CF6-72548BE74480}.Release|Any CPU.ActiveCfg = Release|Any CPU
		{2B983826-1554-40BA-8CF6-72548BE74480}.Release|Any CPU.Build.0 = Release|Any CPU
		{35610359-ACF8-4172-91AA-DEEA703EA5EB}.Debug|Any CPU.ActiveCfg = Debug|Any CPU
		{35610359-ACF8-4172-91AA-DEEA703EA5EB}.Debug|Any CPU.Build.0 = Debug|Any CPU
		{35610359-ACF8-4172-91AA-DEEA703EA5EB}.Release|Any CPU.ActiveCfg = Release|Any CPU
		{35610359-ACF8-4172-91AA-DEEA703EA5EB}.Release|Any CPU.Build.0 = Release|Any CPU
	EndGlobalSection
	GlobalSection(SolutionProperties) = preSolution
		HideSolutionNode = FALSE
	EndGlobalSection
	GlobalSection(ExtensibilityGlobals) = postSolution
		SolutionGuid = {E1C905DB-31F7-4F17-BCC4-6272979E0E8C}
	EndGlobalSection
EndGlobal
